
Microsoft Visual Studio Solution File, Format Version 12.00
# Visual Studio Version 17
VisualStudioVersion = 17.3.32929.385
MinimumVisualStudioVersion = 10.0.40219.1
Project("{9A19103F-16F7-4668-BE54-9A1E7A4F7556}") = "LibApp", "LibApp.csproj", "{AFDA21AC-4E7B-4ABD-8C35-29F6F5DDFF16}"
EndProject
Global
	GlobalSection(SolutionConfigurationPlatforms) = preSolution
		Debug|Any CPU = Debug|Any CPU
		Release|Any CPU = Release|Any CPU
	EndGlobalSection
	GlobalSection(ProjectConfigurationPlatforms) = postSolution
		{AFDA21AC-4E7B-4ABD-8C35-29F6F5DDFF16}.Debug|Any CPU.ActiveCfg = Debug|Any CPU
		{AFDA21AC-4E7B-4ABD-8C35-29F6F5DDFF16}.Debug|Any CPU.Build.0 = Debug|Any CPU
		{AFDA21AC-4E7B-4ABD-8C35-29F6F5DDFF16}.Release|Any CPU.ActiveCfg = Release|Any CPU
		{AFDA21AC-4E7B-4ABD-8C35-29F6F5DDFF16}.Release|Any CPU.Build.0 = Release|Any CPU
	EndGlobalSection
	GlobalSection(SolutionProperties) = preSolution
		HideSolutionNode = FALSE
	EndGlobalSection
	GlobalSection(ExtensibilityGlobals) = postSolution
		SolutionGuid = {A5B81D5D-AB6E-4005-B473-34464AD46F59}
	EndGlobalSection
EndGlobal
